
Microsoft Visual Studio Solution File, Format Version 12.00
# Visual Studio Version 17
VisualStudioVersion = 17.1.32210.238
MinimumVisualStudioVersion = 10.0.40219.1
Project("{9A19103F-16F7-4668-BE54-9A1E7A4F7556}") = "ExcelTool", "src\ExcelTool\ExcelTool.csproj", "{DD220CF2-1DE6-4053-80DC-93376ACE62BD}"
EndProject
Project("{9A19103F-16F7-4668-BE54-9A1E7A4F7556}") = "ToolTest", "src\ToolTest\ToolTest.csproj", "{11BBC864-A6A0-46E0-880E-94ADDDFF6373}"
EndProject
Project("{9A19103F-16F7-4668-BE54-9A1E7A4F7556}") = "ExcelTool.Domain", "src\ExcelTool.Domain\ExcelTool.Domain.csproj", "{628147CD-05C1-4DD5-BD25-76FDC542AA7E}"
EndProject
Global
	GlobalSection(SolutionConfigurationPlatforms) = preSolution
		Debug|Any CPU = Debug|Any CPU
		Release|Any CPU = Release|Any CPU
	EndGlobalSection
	GlobalSection(ProjectConfigurationPlatforms) = postSolution
		{DD220CF2-1DE6-4053-80DC-93376ACE62BD}.Debug|Any CPU.ActiveCfg = Debug|Any CPU
		{DD220CF2-1DE6-4053-80DC-93376ACE62BD}.Debug|Any CPU.Build.0 = Debug|Any CPU
		{DD220CF2-1DE6-4053-80DC-93376ACE62BD}.Release|Any CPU.ActiveCfg = Release|Any CPU
		{DD220CF2-1DE6-4053-80DC-93376ACE62BD}.Release|Any CPU.Build.0 = Release|Any CPU
		{11BBC864-A6A0-46E0-880E-94ADDDFF6373}.Debug|Any CPU.ActiveCfg = Debug|Any CPU
		{11BBC864-A6A0-46E0-880E-94ADDDFF6373}.Debug|Any CPU.Build.0 = Debug|Any CPU
		{11BBC864-A6A0-46E0-880E-94ADDDFF6373}.Release|Any CPU.ActiveCfg = Release|Any CPU
		{11BBC864-A6A0-46E0-880E-94ADDDFF6373}.Release|Any CPU.Build.0 = Release|Any CPU
		{628147CD-05C1-4DD5-BD25-76FDC542AA7E}.Debug|Any CPU.ActiveCfg = Debug|Any CPU
		{628147CD-05C1-4DD5-BD25-76FDC542AA7E}.Debug|Any CPU.Build.0 = Debug|Any CPU
		{628147CD-05C1-4DD5-BD25-76FDC542AA7E}.Release|Any CPU.ActiveCfg = Release|Any CPU
		{628147CD-05C1-4DD5-BD25-76FDC542AA7E}.Release|Any CPU.Build.0 = Release|Any CPU
	EndGlobalSection
	GlobalSection(SolutionProperties) = preSolution
		HideSolutionNode = FALSE
	EndGlobalSection
	GlobalSection(ExtensibilityGlobals) = postSolution
		SolutionGuid = {9C124E15-39AB-4A6E-B635-CC5C5388C807}
	EndGlobalSection
EndGlobal
